
Microsoft Visual Studio Solution File, Format Version 12.00
# Visual Studio 2012
Project("{F184B08F-C81C-45F6-A57F-5ABD9991F28F}") = "BaseflightGUI", "BaseflightGUI.vbproj", "{DA1612FD-F4FF-4BD8-AFC4-3521A1B7FA35}"
EndProject
Global
	GlobalSection(SolutionConfigurationPlatforms) = preSolution
		Debug|Any CPU = Debug|Any CPU
		Debug|x86 = Debug|x86
		Release|Any CPU = Release|Any CPU
		Release|x86 = Release|x86
	EndGlobalSection
	GlobalSection(ProjectConfigurationPlatforms) = postSolution
		{DA1612FD-F4FF-4BD8-AFC4-3521A1B7FA35}.Debug|Any CPU.ActiveCfg = Debug|x86
		{DA1612FD-F4FF-4BD8-AFC4-3521A1B7FA35}.Debug|Any CPU.Build.0 = Debug|x86
		{DA1612FD-F4FF-4BD8-AFC4-3521A1B7FA35}.Debug|x86.ActiveCfg = Debug|x86
		{DA1612FD-F4FF-4BD8-AFC4-3521A1B7FA35}.Debug|x86.Build.0 = Debug|x86
		{DA1612FD-F4FF-4BD8-AFC4-3521A1B7FA35}.Release|Any CPU.ActiveCfg = Release|Any CPU
		{DA1612FD-F4FF-4BD8-AFC4-3521A1B7FA35}.Release|Any CPU.Build.0 = Release|Any CPU
		{DA1612FD-F4FF-4BD8-AFC4-3521A1B7FA35}.Release|x86.ActiveCfg = Release|x86
		{DA1612FD-F4FF-4BD8-AFC4-3521A1B7FA35}.Release|x86.Build.0 = Release|x86
	EndGlobalSection
	GlobalSection(SolutionProperties) = preSolution
		HideSolutionNode = FALSE
	EndGlobalSection
EndGlobal
